// !$*UTF8*$!
{
	archiveVersion = 1;
	classes = {
	};
	objectVersion = 46;
	objects = {

/* Begin PBXBuildFile section */
		20756E7519B354E300D52334 /* Foundation.framework in Frameworks */ = {isa = PBXBuildFile; fileRef = 20756E7419B354E300D52334 /* Foundation.framework */; };
		20756E7719B354E300D52334 /* CoreGraphics.framework in Frameworks */ = {isa = PBXBuildFile; fileRef = 20756E7619B354E300D52334 /* CoreGraphics.framework */; };
		20756E7919B354E300D52334 /* UIKit.framework in Frameworks */ = {isa = PBXBuildFile; fileRef = 20756E7819B354E300D52334 /* UIKit.framework */; };
		20756E7F19B354E300D52334 /* InfoPlist.strings in Resources */ = {isa = PBXBuildFile; fileRef = 20756E7D19B354E300D52334 /* InfoPlist.strings */; };
		20756E8119B354E300D52334 /* main.m in Sources */ = {isa = PBXBuildFile; fileRef = 20756E8019B354E300D52334 /* main.m */; };
		20756E8519B354E300D52334 /* AppDelegate.m in Sources */ = {isa = PBXBuildFile; fileRef = 20756E8419B354E300D52334 /* AppDelegate.m */; };
		20756E8819B354E300D52334 /* Main.storyboard in Resources */ = {isa = PBXBuildFile; fileRef = 20756E8619B354E300D52334 /* Main.storyboard */; };
		20756E8B19B354E300D52334 /* ViewController.m in Sources */ = {isa = PBXBuildFile; fileRef = 20756E8A19B354E300D52334 /* ViewController.m */; };
		20756E8D19B354E300D52334 /* Images.xcassets in Resources */ = {isa = PBXBuildFile; fileRef = 20756E8C19B354E300D52334 /* Images.xcassets */; };
		20756E9419B354E300D52334 /* XCTest.framework in Frameworks */ = {isa = PBXBuildFile; fileRef = 20756E9319B354E300D52334 /* XCTest.framework */; };
		20756E9519B354E300D52334 /* Foundation.framework in Frameworks */ = {isa = PBXBuildFile; fileRef = 20756E7419B354E300D52334 /* Foundation.framework */; };
		20756E9619B354E300D52334 /* UIKit.framework in Frameworks */ = {isa = PBXBuildFile; fileRef = 20756E7819B354E300D52334 /* UIKit.framework */; };
		20756E9E19B354E300D52334 /* InfoPlist.strings in Resources */ = {isa = PBXBuildFile; fileRef = 20756E9C19B354E300D52334 /* InfoPlist.strings */; };
		20756EA019B354E300D52334 /* GitTestTests.m in Sources */ = {isa = PBXBuildFile; fileRef = 20756E9F19B354E300D52334 /* GitTestTests.m */; };
/* End PBXBuildFile section */

/* Begin PBXContainerItemProxy section */
		20756E9719B354E300D52334 /* PBXContainerItemProxy */ = {
			isa = PBXContainerItemProxy;
			containerPortal = 20756E6919B354E300D52334 /* Project object */;
			proxyType = 1;
			remoteGlobalIDString = 20756E7019B354E300D52334;
			remoteInfo = GitTest;
		};
/* End PBXContainerItemProxy section */

/* Begin PBXFileReference section */
		20756E7119B354E300D52334 /* GitTest.app */ = {isa = PBXFileReference; explicitFileType = wrapper.application; includeInIndex = 0; path = GitTest.app; sourceTree = BUILT_PRODUCTS_DIR; };
		20756E7419B354E300D52334 /* Foundation.framework */ = {isa = PBXFileReference; lastKnownFileType = wrapper.framework; name = Foundation.framework; path = System/Library/Frameworks/Foundation.framework; sourceTree = SDKROOT; };
		20756E7619B354E300D52334 /* CoreGraphics.framework */ = {isa = PBXFileReference; lastKnownFileType = wrapper.framework; name = CoreGraphics.framework; path = System/Library/Frameworks/CoreGraphics.framework; sourceTree = SDKROOT; };
		20756E7819B354E300D52334 /* UIKit.framework */ = {isa = PBXFileReference; lastKnownFileType = wrapper.framework; name = UIKit.framework; path = System/Library/Frameworks/UIKit.framework; sourceTree = SDKROOT; };
		20756E7C19B354E300D52334 /* GitTest-Info.plist */ = {isa = PBXFileReference; lastKnownFileType = text.plist.xml; path = "GitTest-Info.plist"; sourceTree = "<group>"; };
		20756E7E19B354E300D52334 /* en */ = {isa = PBXFileReference; lastKnownFileType = text.plist.strings; name = en; path = en.lproj/InfoPlist.strings; sourceTree = "<group>"; };
		20756E8019B354E300D52334 /* main.m */ = {isa = PBXFileReference; lastKnownFileType = sourcecode.c.objc; path = main.m; sourceTree = "<group>"; };
		20756E8219B354E300D52334 /* GitTest-Prefix.pch */ = {isa = PBXFileReference; lastKnownFileType = sourcecode.c.h; path = "GitTest-Prefix.pch"; sourceTree = "<group>"; };
		20756E8319B354E300D52334 /* AppDelegate.h */ = {isa = PBXFileReference; lastKnownFileType = sourcecode.c.h; path = AppDelegate.h; sourceTree = "<group>"; };
		20756E8419B354E300D52334 /* AppDelegate.m */ = {isa = PBXFileReference; lastKnownFileType = sourcecode.c.objc; path = AppDelegate.m; sourceTree = "<group>"; };
		20756E8719B354E300D52334 /* Base */ = {isa = PBXFileReference; lastKnownFileType = file.storyboard; name = Base; path = Base.lproj/Main.storyboard; sourceTree = "<group>"; };
		20756E8919B354E300D52334 /* ViewController.h */ = {isa = PBXFileReference; lastKnownFileType = sourcecode.c.h; path = ViewController.h; sourceTree = "<group>"; };
		20756E8A19B354E300D52334 /* ViewController.m */ = {isa = PBXFileReference; lastKnownFileType = sourcecode.c.objc; path = ViewController.m; sourceTree = "<group>"; };
		20756E8C19B354E300D52334 /* Images.xcassets */ = {isa = PBXFileReference; lastKnownFileType = folder.assetcatalog; path = Images.xcassets; sourceTree = "<group>"; };
		20756E9219B354E300D52334 /* GitTestTests.xctest */ = {isa = PBXFileReference; explicitFileType = wrapper.cfbundle; includeInIndex = 0; path = GitTestTests.xctest; sourceTree = BUILT_PRODUCTS_DIR; };
		20756E9319B354E300D52334 /* XCTest.framework */ = {isa = PBXFileReference; lastKnownFileType = wrapper.framework; name = XCTest.framework; path = Library/Frameworks/XCTest.framework; sourceTree = DEVELOPER_DIR; };
		20756E9B19B354E300D52334 /* GitTestTests-Info.plist */ = {isa = PBXFileReference; lastKnownFileType = text.plist.xml; path = "GitTestTests-Info.plist"; sourceTree = "<group>"; };
		20756E9D19B354E300D52334 /* en */ = {isa = PBXFileReference; lastKnownFileType = text.plist.strings; name = en; path = en.lproj/InfoPlist.strings; sourceTree = "<group>"; };
		20756E9F19B354E300D52334 /* GitTestTests.m */ = {isa = PBXFileReference; lastKnownFileType = sourcecode.c.objc; path = GitTestTests.m; sourceTree = "<group>"; };
/* End PBXFileReference section */

/* Begin PBXFrameworksBuildPhase section */
		20756E6E19B354E300D52334 /* Frameworks */ = {
			isa = PBXFrameworksBuildPhase;
			buildActionMask = 2147483647;
			files = (
				20756E7719B354E300D52334 /* CoreGraphics.framework in Frameworks */,
				20756E7919B354E300D52334 /* UIKit.framework in Frameworks */,
				20756E7519B354E300D52334 /* Foundation.framework in Frameworks */,
			);
			runOnlyForDeploymentPostprocessing = 0;
		};
		20756E8F19B354E300D52334 /* Frameworks */ = {
			isa = PBXFrameworksBuildPhase;
			buildActionMask = 2147483647;
			files = (
				20756E9419B354E300D52334 /* XCTest.framework in Frameworks */,
				20756E9619B354E300D52334 /* UIKit.framework in Frameworks */,
				20756E9519B354E300D52334 /* Foundation.framework in Frameworks */,
			);
			runOnlyForDeploymentPostprocessing = 0;
		};
/* End PBXFrameworksBuildPhase section */

/* Begin PBXGroup section */
		20756E6819B354E300D52334 = {
			isa = PBXGroup;
			children = (
				20756E7A19B354E300D52334 /* GitTest */,
				20756E9919B354E300D52334 /* GitTestTests */,
				20756E7319B354E300D52334 /* Frameworks */,
				20756E7219B354E300D52334 /* Products */,
			);
			sourceTree = "<group>";
		};
		20756E7219B354E300D52334 /* Products */ = {
			isa = PBXGroup;
			children = (
				20756E7119B354E300D52334 /* GitTest.app */,
				20756E9219B354E300D52334 /* GitTestTests.xctest */,
			);
			name = Products;
			sourceTree = "<group>";
		};
		20756E7319B354E300D52334 /* Frameworks */ = {
			isa = PBXGroup;
			children = (
				20756E7419B354E300D52334 /* Foundation.framework */,
				20756E7619B354E300D52334 /* CoreGraphics.framework */,
				20756E7819B354E300D52334 /* UIKit.framework */,
				20756E9319B354E300D52334 /* XCTest.framework */,
			);
			name = Frameworks;
			sourceTree = "<group>";
		};
		20756E7A19B354E300D52334 /* GitTest */ = {
			isa = PBXGroup;
			children = (
				20756E8319B354E300D52334 /* AppDelegate.h */,
				20756E8419B354E300D52334 /* AppDelegate.m */,
				20756E8619B354E300D52334 /* Main.storyboard */,
				20756E8919B354E300D52334 /* ViewController.h */,
				20756E8A19B354E300D52334 /* ViewController.m */,
				20756E8C19B354E300D52334 /* Images.xcassets */,
				20756E7B19B354E300D52334 /* Supporting Files */,
			);
			path = GitTest;
			sourceTree = "<group>";
		};
		20756E7B19B354E300D52334 /* Supporting Files */ = {
			isa = PBXGroup;
			children = (
				20756E7C19B354E300D52334 /* GitTest-Info.plist */,
				20756E7D19B354E300D52334 /* InfoPlist.strings */,
				20756E8019B354E300D52334 /* main.m */,
				20756E8219B354E300D52334 /* GitTest-Prefix.pch */,
			);
			name = "Supporting Files";
			sourceTree = "<group>";
		};
		20756E9919B354E300D52334 /* GitTestTests */ = {
			isa = PBXGroup;
			children = (
				20756E9F19B354E300D52334 /* GitTestTests.m */,
				20756E9A19B354E300D52334 /* Supporting Files */,
			);
			path = GitTestTests;
			sourceTree = "<group>";
		};
		20756E9A19B354E300D52334 /* Supporting Files */ = {
			isa = PBXGroup;
			children = (
				20756E9B19B354E300D52334 /* GitTestTests-Info.plist */,
				20756E9C19B354E300D52334 /* InfoPlist.strings */,
			);
			name = "Supporting Files";
			sourceTree = "<group>";
		};
/* End PBXGroup section */

/* Begin PBXNativeTarget section */
		20756E7019B354E300D52334 /* GitTest */ = {
			isa = PBXNativeTarget;
			buildConfigurationList = 20756EA319B354E300D52334 /* Build configuration list for PBXNativeTarget "GitTest" */;
			buildPhases = (
				20756E6D19B354E300D52334 /* Sources */,
				20756E6E19B354E300D52334 /* Frameworks */,
				20756E6F19B354E300D52334 /* Resources */,
			);
			buildRules = (
			);
			dependencies = (
			);
			name = GitTest;
			productName = GitTest;
			productReference = 20756E7119B354E300D52334 /* GitTest.app */;
			productType = "com.apple.product-type.application";
		};
		20756E9119B354E300D52334 /* GitTestTests */ = {
			isa = PBXNativeTarget;
			buildConfigurationList = 20756EA619B354E300D52334 /* Build configuration list for PBXNativeTarget "GitTestTests" */;
			buildPhases = (
				20756E8E19B354E300D52334 /* Sources */,
				20756E8F19B354E300D52334 /* Frameworks */,
				20756E9019B354E300D52334 /* Resources */,
			);
			buildRules = (
			);
			dependencies = (
				20756E9819B354E300D52334 /* PBXTargetDependency */,
			);
			name = GitTestTests;
			productName = GitTestTests;
			productReference = 20756E9219B354E300D52334 /* GitTestTests.xctest */;
			productType = "com.apple.product-type.bundle.unit-test";
		};
/* End PBXNativeTarget section */

/* Begin PBXProject section */
		20756E6919B354E300D52334 /* Project object */ = {
			isa = PBXProject;
			attributes = {
				LastUpgradeCheck = 0510;
				ORGANIZATIONNAME = mycompany;
				TargetAttributes = {
					20756E9119B354E300D52334 = {
						TestTargetID = 20756E7019B354E300D52334;
					};
				};
			};
			buildConfigurationList = 20756E6C19B354E300D52334 /* Build configuration list for PBXProject "GitTest" */;
			compatibilityVersion = "Xcode 3.2";
			developmentRegion = English;
			hasScannedForEncodings = 0;
			knownRegions = (
				en,
				Base,
			);
			mainGroup = 20756E6819B354E300D52334;
			productRefGroup = 20756E7219B354E300D52334 /* Products */;
			projectDirPath = "";
			projectRoot = "";
			targets = (
				20756E7019B354E300D52334 /* GitTest */,
				20756E9119B354E300D52334 /* GitTestTests */,
			);
		};
/* End PBXProject section */

/* Begin PBXResourcesBuildPhase section */
		20756E6F19B354E300D52334 /* Resources */ = {
			isa = PBXResourcesBuildPhase;
			buildActionMask = 2147483647;
			files = (
				20756E8D19B354E300D52334 /* Images.xcassets in Resources */,
				20756E7F19B354E300D52334 /* InfoPlist.strings in Resources */,
				20756E8819B354E300D52334 /* Main.storyboard in Resources */,
			);
			runOnlyForDeploymentPostprocessing = 0;
		};
		20756E9019B354E300D52334 /* Resources */ = {
			isa = PBXResourcesBuildPhase;
			buildActionMask = 2147483647;
			files = (
				20756E9E19B354E300D52334 /* InfoPlist.strings in Resources */,
			);
			runOnlyForDeploymentPostprocessing = 0;
		};
/* End PBXResourcesBuildPhase section */

/* Begin PBXSourcesBuildPhase section */
		20756E6D19B354E300D52334 /* Sources */ = {
			isa = PBXSourcesBuildPhase;
			buildActionMask = 2147483647;
			files = (
				20756E8B19B354E300D52334 /* ViewController.m in Sources */,
				20756E8519B354E300D52334 /* AppDelegate.m in Sources */,
				20756E8119B354E300D52334 /* main.m in Sources */,
			);
			runOnlyForDeploymentPostprocessing = 0;
		};
		20756E8E19B354E300D52334 /* Sources */ = {
			isa = PBXSourcesBuildPhase;
			buildActionMask = 2147483647;
			files = (
				20756EA019B354E300D52334 /* GitTestTests.m in Sources */,
			);
			runOnlyForDeploymentPostprocessing = 0;
		};
/* End PBXSourcesBuildPhase section */

/* Begin PBXTargetDependency section */
		20756E9819B354E300D52334 /* PBXTargetDependency */ = {
			isa = PBXTargetDependency;
			target = 20756E7019B354E300D52334 /* GitTest */;
			targetProxy = 20756E9719B354E300D52334 /* PBXContainerItemProxy */;
		};
/* End PBXTargetDependency section */

/* Begin PBXVariantGroup section */
		20756E7D19B354E300D52334 /* InfoPlist.strings */ = {
			isa = PBXVariantGroup;
			children = (
				20756E7E19B354E300D52334 /* en */,
			);
			name = InfoPlist.strings;
			sourceTree = "<group>";
		};
		20756E8619B354E300D52334 /* Main.storyboard */ = {
			isa = PBXVariantGroup;
			children = (
				20756E8719B354E300D52334 /* Base */,
			);
			name = Main.storyboard;
			sourceTree = "<group>";
		};
		20756E9C19B354E300D52334 /* InfoPlist.strings */ = {
			isa = PBXVariantGroup;
			children = (
				20756E9D19B354E300D52334 /* en */,
			);
			name = InfoPlist.strings;
			sourceTree = "<group>";
		};
/* End PBXVariantGroup section */

/* Begin XCBuildConfiguration section */
		20756EA119B354E300D52334 /* Debug */ = {
			isa = XCBuildConfiguration;
			buildSettings = {
				ALWAYS_SEARCH_USER_PATHS = NO;
				CLANG_CXX_LANGUAGE_STANDARD = "gnu++0x";
				CLANG_CXX_LIBRARY = "libc++";
				CLANG_ENABLE_MODULES = YES;
				CLANG_ENABLE_OBJC_ARC = YES;
				CLANG_WARN_BOOL_CONVERSION = YES;
				CLANG_WARN_CONSTANT_CONVERSION = YES;
				CLANG_WARN_DIRECT_OBJC_ISA_USAGE = YES_ERROR;
				CLANG_WARN_EMPTY_BODY = YES;
				CLANG_WARN_ENUM_CONVERSION = YES;
				CLANG_WARN_INT_CONVERSION = YES;
				CLANG_WARN_OBJC_ROOT_CLASS = YES_ERROR;
				CLANG_WARN__DUPLICATE_METHOD_MATCH = YES;
				"CODE_SIGN_IDENTITY[sdk=iphoneos*]" = "iPhone Developer";
				COPY_PHASE_STRIP = NO;
				GCC_C_LANGUAGE_STANDARD = gnu99;
				GCC_DYNAMIC_NO_PIC = NO;
				GCC_OPTIMIZATION_LEVEL = 0;
				GCC_PREPROCESSOR_DEFINITIONS = (
					"DEBUG=1",
					"$(inherited)",
				);
				GCC_SYMBOLS_PRIVATE_EXTERN = NO;
				GCC_WARN_64_TO_32_BIT_CONVERSION = YES;
				GCC_WARN_ABOUT_RETURN_TYPE = YES_ERROR;
				GCC_WARN_UNDECLARED_SELECTOR = YES;
				GCC_WARN_UNINITIALIZED_AUTOS = YES_AGGRESSIVE;
				GCC_WARN_UNUSED_FUNCTION = YES;
				GCC_WARN_UNUSED_VARIABLE = YES;
				IPHONEOS_DEPLOYMENT_TARGET = 7.1;
				ONLY_ACTIVE_ARCH = YES;
				SDKROOT = iphoneos;
			};
			name = Debug;
		};
		20756EA219B354E300D52334 /* Release */ = {
			isa = XCBuildConfiguration;
			buildSettings = {
				ALWAYS_SEARCH_USER_PATHS = NO;
				CLANG_CXX_LANGUAGE_STANDARD = "gnu++0x";
				CLANG_CXX_LIBRARY = "libc++";
				CLANG_ENABLE_MODULES = YES;
				CLANG_ENABLE_OBJC_ARC = YES;
				CLANG_WARN_BOOL_CONVERSION = YES;
				CLANG_WARN_CONSTANT_CONVERSION = YES;
				CLANG_WARN_DIRECT_OBJC_ISA_USAGE = YES_ERROR;
				CLANG_WARN_EMPTY_BODY = YES;
				CLANG_WARN_ENUM_CONVERSION = YES;
				CLANG_WARN_INT_CONVERSION = YES;
				CLANG_WARN_OBJC_ROOT_CLASS = YES_ERROR;
				CLANG_WARN__DUPLICATE_METHOD_MATCH = YES;
				"CODE_SIGN_IDENTITY[sdk=iphoneos*]" = "iPhone Developer";
				COPY_PHASE_STRIP = YES;
				ENABLE_NS_ASSERTIONS = NO;
				GCC_C_LANGUAGE_STANDARD = gnu99;
				GCC_WARN_64_TO_32_BIT_CONVERSION = YES;
				GCC_WARN_ABOUT_RETURN_TYPE = YES_ERROR;
				GCC_WARN_UNDECLARED_SELECTOR = YES;
				GCC_WARN_UNINITIALIZED_AUTOS = YES_AGGRESSIVE;
				GCC_WARN_UNUSED_FUNCTION = YES;
				GCC_WARN_UNUSED_VARIABLE = YES;
				IPHONEOS_DEPLOYMENT_TARGET = 7.1;
				SDKROOT = iphoneos;
				VALIDATE_PRODUCT = YES;
			};
			name = Release;
		};
		20756EA419B354E300D52334 /* Debug */ = {
			isa = XCBuildConfiguration;
			buildSettings = {
				ASSETCATALOG_COMPILER_APPICON_NAME = AppIcon;
				ASSETCATALOG_COMPILER_LAUNCHIMAGE_NAME = LaunchImage;
				GCC_PRECOMPILE_PREFIX_HEADER = YES;
				GCC_PREFIX_HEADER = "GitTest/GitTest-Prefix.pch";
				INFOPLIST_FILE = "GitTest/GitTest-Info.plist";
				PRODUCT_NAME = "$(TARGET_NAME)";
				WRAPPER_EXTENSION = app;
			};
			name = Debug;
		};
		20756EA519B354E300D52334 /* Release */ = {
			isa = XCBuildConfiguration;
			buildSettings = {
				ASSETCATALOG_COMPILER_APPICON_NAME = AppIcon;
				ASSETCATALOG_COMPILER_LAUNCHIMAGE_NAME = LaunchImage;
				GCC_PRECOMPILE_PREFIX_HEADER = YES;
				GCC_PREFIX_HEADER = "GitTest/GitTest-Prefix.pch";
				INFOPLIST_FILE = "GitTest/GitTest-Info.plist";
				PRODUCT_NAME = "$(TARGET_NAME)";
				WRAPPER_EXTENSION = app;
			};
			name = Release;
		};
		20756EA719B354E300D52334 /* Debug */ = {
			isa = XCBuildConfiguration;
			buildSettings = {
				BUNDLE_LOADER = "$(BUILT_PRODUCTS_DIR)/GitTest.app/GitTest";
				FRAMEWORK_SEARCH_PATHS = (
					"$(SDKROOT)/Developer/Library/Frameworks",
					"$(inherited)",
					"$(DEVELOPER_FRAMEWORKS_DIR)",
				);
				GCC_PRECOMPILE_PREFIX_HEADER = YES;
				GCC_PREFIX_HEADER = "GitTest/GitTest-Prefix.pch";
				GCC_PREPROCESSOR_DEFINITIONS = (
					"DEBUG=1",
					"$(inherited)",
				);
				INFOPLIST_FILE = "GitTestTests/GitTestTests-Info.plist";
				PRODUCT_NAME = "$(TARGET_NAME)";
				TEST_HOST = "$(BUNDLE_LOADER)";
				WRAPPER_EXTENSION = xctest;
			};
			name = Debug;
		};
		20756EA819B354E300D52334 /* Release */ = {
			isa = XCBuildConfiguration;
			buildSettings = {
				BUNDLE_LOADER = "$(BUILT_PRODUCTS_DIR)/GitTest.app/GitTest";
				FRAMEWORK_SEARCH_PATHS = (
					"$(SDKROOT)/Developer/Library/Frameworks",
					"$(inherited)",
					"$(DEVELOPER_FRAMEWORKS_DIR)",
				);
				GCC_PRECOMPILE_PREFIX_HEADER = YES;
				GCC_PREFIX_HEADER = "GitTest/GitTest-Prefix.pch";
				INFOPLIST_FILE = "GitTestTests/GitTestTests-Info.plist";
				PRODUCT_NAME = "$(TARGET_NAME)";
				TEST_HOST = "$(BUNDLE_LOADER)";
				WRAPPER_EXTENSION = xctest;
			};
			name = Release;
		};
/* End XCBuildConfiguration section */

/* Begin XCConfigurationList section */
		20756E6C19B354E300D52334 /* Build configuration list for PBXProject "GitTest" */ = {
			isa = XCConfigurationList;
			buildConfigurations = (
				20756EA119B354E300D52334 /* Debug */,
				20756EA219B354E300D52334 /* Release */,
			);
			defaultConfigurationIsVisible = 0;
			defaultConfigurationName = Release;
		};
		20756EA319B354E300D52334 /* Build configuration list for PBXNativeTarget "GitTest" */ = {
			isa = XCConfigurationList;
			buildConfigurations = (
				20756EA419B354E300D52334 /* Debug */,
				20756EA519B354E300D52334 /* Release */,
			);
			defaultConfigurationIsVisible = 0;
		};
		20756EA619B354E300D52334 /* Build configuration list for PBXNativeTarget "GitTestTests" */ = {
			isa = XCConfigurationList;
			buildConfigurations = (
				20756EA719B354E300D52334 /* Debug */,
				20756EA819B354E300D52334 /* Release */,
			);
			defaultConfigurationIsVisible = 0;
		};
/* End XCConfigurationList section */
	};
	rootObject = 20756E6919B354E300D52334 /* Project object */;
}
